# THIS IS AN AUTOGENERATED FILE. DO NOT EDIT THIS FILE DIRECTLY.
# yarn lockfile v1


"@dfs-demo/component-a@0.1.0":
  version "0.1.0"
  resolved "https://registry.yarnpkg.com/@dfs-demo/component-a/-/component-a-0.1.0.tgz#a6f7036885652ff24f96da63aa51512e28df1916"
  integrity sha512-JwItG8Rp44v/eNgxx66iTOPm8P3Me2FkB0zH+gx8EycIdH4POVgHXjUeJhxledakb1pb9y5O3frl0WvrpoxvNg==
